Microsoft Visual Studio Solution File, Format Version 12.00
# Visual Studio 2012
Project("{FAE04EC0-301F-11D3-BF4B-00C04F79EFBC}") = "Sharp Utility Ai", "Sharp Utility Ai.csproj", "{8FD016C5-D79D-4633-97EF-C4DEBF1EE9AB}"
EndProject
Global
	GlobalSection(SolutionConfigurationPlatforms) = preSolution
	Debug|Any CPU = Debug|Any CPU
	ExportDebug|Any CPU = ExportDebug|Any CPU
	ExportRelease|Any CPU = ExportRelease|Any CPU
	EndGlobalSection
	GlobalSection(ProjectConfigurationPlatforms) = postSolution
		{8FD016C5-D79D-4633-97EF-C4DEBF1EE9AB}.Debug|Any CPU.ActiveCfg = Debug|Any CPU
		{8FD016C5-D79D-4633-97EF-C4DEBF1EE9AB}.Debug|Any CPU.Build.0 = Debug|Any CPU
		{8FD016C5-D79D-4633-97EF-C4DEBF1EE9AB}.ExportDebug|Any CPU.ActiveCfg = ExportDebug|Any CPU
		{8FD016C5-D79D-4633-97EF-C4DEBF1EE9AB}.ExportDebug|Any CPU.Build.0 = ExportDebug|Any CPU
		{8FD016C5-D79D-4633-97EF-C4DEBF1EE9AB}.ExportRelease|Any CPU.ActiveCfg = ExportRelease|Any CPU
		{8FD016C5-D79D-4633-97EF-C4DEBF1EE9AB}.ExportRelease|Any CPU.Build.0 = ExportRelease|Any CPU
	EndGlobalSection
EndGlobal
